// !$*UTF8*$!
{
	archiveVersion = 1;
	classes = {
	};
	objectVersion = 50;
	objects = {

/* Begin PBXBuildFile section */
		66FCC48324766888000F9E59 /* AppDelegate.m in Sources */ = {isa = PBXBuildFile; fileRef = 66FCC48224766888000F9E59 /* AppDelegate.m */; };
		66FCC48624766888000F9E59 /* SceneDelegate.m in Sources */ = {isa = PBXBuildFile; fileRef = 66FCC48524766888000F9E59 /* SceneDelegate.m */; };
		66FCC48924766888000F9E59 /* ViewController.m in Sources */ = {isa = PBXBuildFile; fileRef = 66FCC48824766888000F9E59 /* ViewController.m */; };
		66FCC48C24766888000F9E59 /* Main.storyboard in Resources */ = {isa = PBXBuildFile; fileRef = 66FCC48A24766888000F9E59 /* Main.storyboard */; };
		66FCC48E2476688D000F9E59 /* Assets.xcassets in Resources */ = {isa = PBXBuildFile; fileRef = 66FCC48D2476688D000F9E59 /* Assets.xcassets */; };
		66FCC4912476688D000F9E59 /* LaunchScreen.storyboard in Resources */ = {isa = PBXBuildFile; fileRef = 66FCC48F2476688D000F9E59 /* LaunchScreen.storyboard */; };
		66FCC4942476688D000F9E59 /* main.m in Sources */ = {isa = PBXBuildFile; fileRef = 66FCC4932476688D000F9E59 /* main.m */; };
/* End PBXBuildFile section */

/* Begin PBXFileReference section */
		66FCC47E24766888000F9E59 /* YHanimation.app */ = {isa = PBXFileReference; explicitFileType = wrapper.application; includeInIndex = 0; path = YHanimation.app; sourceTree = BUILT_PRODUCTS_DIR; };
		66FCC48124766888000F9E59 /* AppDelegate.h */ = {isa = PBXFileReference; lastKnownFileType = sourcecode.c.h; path = AppDelegate.h; sourceTree = "<group>"; };
		66FCC48224766888000F9E59 /* AppDelegate.m */ = {isa = PBXFileReference; lastKnownFileType = sourcecode.c.objc; path = AppDelegate.m; sourceTree = "<group>"; };
		66FCC48424766888000F9E59 /* SceneDelegate.h */ = {isa = PBXFileReference; lastKnownFileType = sourcecode.c.h; path = SceneDelegate.h; sourceTree = "<group>"; };
		66FCC48524766888000F9E59 /* SceneDelegate.m */ = {isa = PBXFileReference; lastKnownFileType = sourcecode.c.objc; path = SceneDelegate.m; sourceTree = "<group>"; };
		66FCC48724766888000F9E59 /* ViewController.h */ = {isa = PBXFileReference; lastKnownFileType = sourcecode.c.h; path = ViewController.h; sourceTree = "<group>"; };
		66FCC48824766888000F9E59 /* ViewController.m */ = {isa = PBXFileReference; lastKnownFileType = sourcecode.c.objc; path = ViewController.m; sourceTree = "<group>"; };
		66FCC48B24766888000F9E59 /* Base */ = {isa = PBXFileReference; lastKnownFileType = file.storyboard; name = Base; path = Base.lproj/Main.storyboard; sourceTree = "<group>"; };
		66FCC48D2476688D000F9E59 /* Assets.xcassets */ = {isa = PBXFileReference; lastKnownFileType = folder.assetcatalog; path = Assets.xcassets; sourceTree = "<group>"; };
		66FCC4902476688D000F9E59 /* Base */ = {isa = PBXFileReference; lastKnownFileType = file.storyboard; name = Base; path = Base.lproj/LaunchScreen.storyboard; sourceTree = "<group>"; };
		66FCC4922476688D000F9E59 /* Info.plist */ = {isa = PBXFileReference; lastKnownFileType = text.plist.xml; path = Info.plist; sourceTree = "<group>"; };
		66FCC4932476688D000F9E59 /* main.m */ = {isa = PBXFileReference; lastKnownFileType = sourcecode.c.objc; path = main.m; sourceTree = "<group>"; };
/* End PBXFileReference section */

/* Begin PBXFrameworksBuildPhase section */
		66FCC47B24766888000F9E59 /* Frameworks */ = {
			isa = PBXFrameworksBuildPhase;
			buildActionMask = 2147483647;
			files = (
			);
			runOnlyForDeploymentPostprocessing = 0;
		};
/* End PBXFrameworksBuildPhase section */

/* Begin PBXGroup section */
		66FCC47524766888000F9E59 = {
			isa = PBXGroup;
			children = (
				66FCC48024766888000F9E59 /* YHanimation */,
				66FCC47F24766888000F9E59 /* Products */,
			);
			sourceTree = "<group>";
		};
		66FCC47F24766888000F9E59 /* Products */ = {
			isa = PBXGroup;
			children = (
				66FCC47E24766888000F9E59 /* YHanimation.app */,
			);
			name = Products;
			sourceTree = "<group>";
		};
		66FCC48024766888000F9E59 /* YHanimation */ = {
			isa = PBXGroup;
			children = (
				66FCC48124766888000F9E59 /* AppDelegate.h */,
				66FCC48224766888000F9E59 /* AppDelegate.m */,
				66FCC48424766888000F9E59 /* SceneDelegate.h */,
				66FCC48524766888000F9E59 /* SceneDelegate.m */,
				66FCC48724766888000F9E59 /* ViewController.h */,
				66FCC48824766888000F9E59 /* ViewController.m */,
				66FCC48A24766888000F9E59 /* Main.storyboard */,
				66FCC48D2476688D000F9E59 /* Assets.xcassets */,
				66FCC48F2476688D000F9E59 /* LaunchScreen.storyboard */,
				66FCC4922476688D000F9E59 /* Info.plist */,
				66FCC4932476688D000F9E59 /* main.m */,
			);
			path = YHanimation;
			sourceTree = "<group>";
		};
/* End PBXGroup section */

/* Begin PBXNativeTarget section */
		66FCC47D24766888000F9E59 /* YHanimation */ = {
			isa = PBXNativeTarget;
			buildConfigurationList = 66FCC4972476688D000F9E59 /* Build configuration list for PBXNativeTarget "YHanimation" */;
			buildPhases = (
				66FCC47A24766888000F9E59 /* Sources */,
				66FCC47B24766888000F9E59 /* Frameworks */,
				66FCC47C24766888000F9E59 /* Resources */,
			);
			buildRules = (
			);
			dependencies = (
			);
			name = YHanimation;
			productName = YHanimation;
			productReference = 66FCC47E24766888000F9E59 /* YHanimation.app */;
			productType = "com.apple.product-type.application";
		};
/* End PBXNativeTarget section */

/* Begin PBXProject section */
		66FCC47624766888000F9E59 /* Project object */ = {
			isa = PBXProject;
			attributes = {
				LastUpgradeCheck = 1140;
				ORGANIZATIONNAME = "刘永慧";
				TargetAttributes = {
					66FCC47D24766888000F9E59 = {
						CreatedOnToolsVersion = 11.4.1;
					};
				};
			};
			buildConfigurationList = 66FCC47924766888000F9E59 /* Build configuration list for PBXProject "YHanimation" */;
			compatibilityVersion = "Xcode 9.3";
			developmentRegion = en;
			hasScannedForEncodings = 0;
			knownRegions = (
				en,
				Base,
			);
			mainGroup = 66FCC47524766888000F9E59;
			productRefGroup = 66FCC47F24766888000F9E59 /* Products */;
			projectDirPath = "";
			projectRoot = "";
			targets = (
				66FCC47D24766888000F9E59 /* YHanimation */,
			);
		};
/* End PBXProject section */

/* Begin PBXResourcesBuildPhase section */
		66FCC47C24766888000F9E59 /* Resources */ = {
			isa = PBXResourcesBuildPhase;
			buildActionMask = 2147483647;
			files = (
				66FCC4912476688D000F9E59 /* LaunchScreen.storyboard in Resources */,
				66FCC48E2476688D000F9E59 /* Assets.xcassets in Resources */,
				66FCC48C24766888000F9E59 /* Main.storyboard in Resources */,
			);
			runOnlyForDeploymentPostprocessing = 0;
		};
/* End PBXResourcesBuildPhase section */

/* Begin PBXSourcesBuildPhase section */
		66FCC47A24766888000F9E59 /* Sources */ = {
			isa = PBXSourcesBuildPhase;
			buildActionMask = 2147483647;
			files = (
				66FCC48924766888000F9E59 /* ViewController.m in Sources */,
				66FCC48324766888000F9E59 /* AppDelegate.m in Sources */,
				66FCC4942476688D000F9E59 /* main.m in Sources */,
				66FCC48624766888000F9E59 /* SceneDelegate.m in Sources */,
			);
			runOnlyForDeploymentPostprocessing = 0;
		};
/* End PBXSourcesBuildPhase section */

/* Begin PBXVariantGroup section */
		66FCC48A24766888000F9E59 /* Main.storyboard */ = {
			isa = PBXVariantGroup;
			children = (
				66FCC48B24766888000F9E59 /* Base */,
			);
			name = Main.storyboard;
			sourceTree = "<group>";
		};
		66FCC48F2476688D000F9E59 /* LaunchScreen.storyboard */ = {
			isa = PBXVariantGroup;
			children = (
				66FCC4902476688D000F9E59 /* Base */,
			);
			name = LaunchScreen.storyboard;
			sourceTree = "<group>";
		};
/* End PBXVariantGroup section */

/* Begin XCBuildConfiguration section */
		66FCC4952476688D000F9E59 /* Debug */ = {
			isa = XCBuildConfiguration;
			buildSettings = {
				ALWAYS_SEARCH_USER_PATHS = NO;
				CLANG_ANALYZER_NONNULL = YES;
				CLANG_ANALYZER_NUMBER_OBJECT_CONVERSION = YES_AGGRESSIVE;
				CLANG_CXX_LANGUAGE_STANDARD = "gnu++14";
				CLANG_CXX_LIBRARY = "libc++";
				CLANG_ENABLE_MODULES = YES;
				CLANG_ENABLE_OBJC_ARC = YES;
				CLANG_ENABLE_OBJC_WEAK = YES;
				CLANG_WARN_BLOCK_CAPTURE_AUTORELEASING = YES;
				CLANG_WARN_BOOL_CONVERSION = YES;
				CLANG_WARN_COMMA = YES;
				CLANG_WARN_CONSTANT_CONVERSION = YES;
				CLANG_WARN_DEPRECATED_OBJC_IMPLEMENTATIONS = YES;
				CLANG_WARN_DIRECT_OBJC_ISA_USAGE = YES_ERROR;
				CLANG_WARN_DOCUMENTATION_COMMENTS = YES;
				CLANG_WARN_EMPTY_BODY = YES;
				CLANG_WARN_ENUM_CONVERSION = YES;
				CLANG_WARN_INFINITE_RECURSION = YES;
				CLANG_WARN_INT_CONVERSION = YES;
				CLANG_WARN_NON_LITERAL_NULL_CONVERSION = YES;
				CLANG_WARN_OBJC_IMPLICIT_RETAIN_SELF = YES;
				CLANG_WARN_OBJC_LITERAL_CONVERSION = YES;
				CLANG_WARN_OBJC_ROOT_CLASS = YES_ERROR;
				CLANG_WARN_RANGE_LOOP_ANALYSIS = YES;
				CLANG_WARN_STRICT_PROTOTYPES = YES;
				CLANG_WARN_SUSPICIOUS_MOVE = YES;
				CLANG_WARN_UNGUARDED_AVAILABILITY = YES_AGGRESSIVE;
				CLANG_WARN_UNREACHABLE_CODE = YES;
				CLANG_WARN__DUPLICATE_METHOD_MATCH = YES;
				COPY_PHASE_STRIP = NO;
				DEBUG_INFORMATION_FORMAT = dwarf;
				ENABLE_STRICT_OBJC_MSGSEND = YES;
				ENABLE_TESTABILITY = YES;
				GCC_C_LANGUAGE_STANDARD = gnu11;
				GCC_DYNAMIC_NO_PIC = NO;
				GCC_NO_COMMON_BLOCKS = YES;
				GCC_OPTIMIZATION_LEVEL = 0;
				GCC_PREPROCESSOR_DEFINITIONS = (
					"DEBUG=1",
					"$(inherited)",
				);
				GCC_WARN_64_TO_32_BIT_CONVERSION = YES;
				GCC_WARN_ABOUT_RETURN_TYPE = YES_ERROR;
				GCC_WARN_UNDECLARED_SELECTOR = YES;
				GCC_WARN_UNINITIALIZED_AUTOS = YES_AGGRESSIVE;
				GCC_WARN_UNUSED_FUNCTION = YES;
				GCC_WARN_UNUSED_VARIABLE = YES;
				IPHONEOS_DEPLOYMENT_TARGET = 13.4;
				MTL_ENABLE_DEBUG_INFO = INCLUDE_SOURCE;
				MTL_FAST_MATH = YES;
				ONLY_ACTIVE_ARCH = YES;
				SDKROOT = iphoneos;
			};
			name = Debug;
		};
		66FCC4962476688D000F9E59 /* Release */ = {
			isa = XCBuildConfiguration;
			buildSettings = {
				ALWAYS_SEARCH_USER_PATHS = NO;
				CLANG_ANALYZER_NONNULL = YES;
				CLANG_ANALYZER_NUMBER_OBJECT_CONVERSION = YES_AGGRESSIVE;
				CLANG_CXX_LANGUAGE_STANDARD = "gnu++14";
				CLANG_CXX_LIBRARY = "libc++";
				CLANG_ENABLE_MODULES = YES;
				CLANG_ENABLE_OBJC_ARC = YES;
				CLANG_ENABLE_OBJC_WEAK = YES;
				CLANG_WARN_BLOCK_CAPTURE_AUTORELEASING = YES;
				CLANG_WARN_BOOL_CONVERSION = YES;
				CLANG_WARN_COMMA = YES;
				CLANG_WARN_CONSTANT_CONVERSION = YES;
				CLANG_WARN_DEPRECATED_OBJC_IMPLEMENTATIONS = YES;
				CLANG_WARN_DIRECT_OBJC_ISA_USAGE = YES_ERROR;
				CLANG_WARN_DOCUMENTATION_COMMENTS = YES;
				CLANG_WARN_EMPTY_BODY = YES;
				CLANG_WARN_ENUM_CONVERSION = YES;
				CLANG_WARN_INFINITE_RECURSION = YES;
				CLANG_WARN_INT_CONVERSION = YES;
				CLANG_WARN_NON_LITERAL_NULL_CONVERSION = YES;
				CLANG_WARN_OBJC_IMPLICIT_RETAIN_SELF = YES;
				CLANG_WARN_OBJC_LITERAL_CONVERSION = YES;
				CLANG_WARN_OBJC_ROOT_CLASS = YES_ERROR;
				CLANG_WARN_RANGE_LOOP_ANALYSIS = YES;
				CLANG_WARN_STRICT_PROTOTYPES = YES;
				CLANG_WARN_SUSPICIOUS_MOVE = YES;
				CLANG_WARN_UNGUARDED_AVAILABILITY = YES_AGGRESSIVE;
				CLANG_WARN_UNREACHABLE_CODE = YES;
				CLANG_WARN__DUPLICATE_METHOD_MATCH = YES;
				COPY_PHASE_STRIP = NO;
				DEBUG_INFORMATION_FORMAT = "dwarf-with-dsym";
				ENABLE_NS_ASSERTIONS = NO;
				ENABLE_STRICT_OBJC_MSGSEND = YES;
				GCC_C_LANGUAGE_STANDARD = gnu11;
				GCC_NO_COMMON_BLOCKS = YES;
				GCC_WARN_64_TO_32_BIT_CONVERSION = YES;
				GCC_WARN_ABOUT_RETURN_TYPE = YES_ERROR;
				GCC_WARN_UNDECLARED_SELECTOR = YES;
				GCC_WARN_UNINITIALIZED_AUTOS = YES_AGGRESSIVE;
				GCC_WARN_UNUSED_FUNCTION = YES;
				GCC_WARN_UNUSED_VARIABLE = YES;
				IPHONEOS_DEPLOYMENT_TARGET = 13.4;
				MTL_ENABLE_DEBUG_INFO = NO;
				MTL_FAST_MATH = YES;
				SDKROOT = iphoneos;
				VALIDATE_PRODUCT = YES;
			};
			name = Release;
		};
		66FCC4982476688D000F9E59 /* Debug */ = {
			isa = XCBuildConfiguration;
			buildSettings = {
				ASSETCATALOG_COMPILER_APPICON_NAME = AppIcon;
				CODE_SIGN_STYLE = Automatic;
				DEVELOPMENT_TEAM = U56G5XU82F;
				INFOPLIST_FILE = YHanimation/Info.plist;
				LD_RUNPATH_SEARCH_PATHS = (
					"$(inherited)",
					"@executable_path/Frameworks",
				);
				PRODUCT_BUNDLE_IDENTIFIER = com.xinhe.company.YHanimation;
				PRODUCT_NAME = "$(TARGET_NAME)";
				TARGETED_DEVICE_FAMILY = "1,2";
			};
			name = Debug;
		};
		66FCC4992476688D000F9E59 /* Release */ = {
			isa = XCBuildConfiguration;
			buildSettings = {
				ASSETCATALOG_COMPILER_APPICON_NAME = AppIcon;
				CODE_SIGN_STYLE = Automatic;
				DEVELOPMENT_TEAM = U56G5XU82F;
				INFOPLIST_FILE = YHanimation/Info.plist;
				LD_RUNPATH_SEARCH_PATHS = (
					"$(inherited)",
					"@executable_path/Frameworks",
				);
				PRODUCT_BUNDLE_IDENTIFIER = com.xinhe.company.YHanimation;
				PRODUCT_NAME = "$(TARGET_NAME)";
				TARGETED_DEVICE_FAMILY = "1,2";
			};
			name = Release;
		};
/* End XCBuildConfiguration section */

/* Begin XCConfigurationList section */
		66FCC47924766888000F9E59 /* Build configuration list for PBXProject "YHanimation" */ = {
			isa = XCConfigurationList;
			buildConfigurations = (
				66FCC4952476688D000F9E59 /* Debug */,
				66FCC4962476688D000F9E59 /* Release */,
			);
			defaultConfigurationIsVisible = 0;
			defaultConfigurationName = Release;
		};
		66FCC4972476688D000F9E59 /* Build configuration list for PBXNativeTarget "YHanimation" */ = {
			isa = XCConfigurationList;
			buildConfigurations = (
				66FCC4982476688D000F9E59 /* Debug */,
				66FCC4992476688D000F9E59 /* Release */,
			);
			defaultConfigurationIsVisible = 0;
			defaultConfigurationName = Release;
		};
/* End XCConfigurationList section */
	};
	rootObject = 66FCC47624766888000F9E59 /* Project object */;
}
